
Microsoft Visual Studio Solution File, Format Version 12.00
# Visual Studio 2015
Project("{FAE04EC0-301F-11D3-BF4B-00C04F79EFBC}") = "BLACK LIGHT.CSharp", "BLACK LIGHT.CSharp.csproj", "{C63B8312-30B5-11AD-561B-42699FBD27FD}"
EndProject
Global
	GlobalSection(SolutionConfigurationPlatforms) = preSolution
		Debug|Any CPU = Debug|Any CPU
		Release|Any CPU = Release|Any CPU
	EndGlobalSection
	GlobalSection(ProjectConfigurationPlatforms) = postSolution
		{C63B8312-30B5-11AD-561B-42699FBD27FD}.Debug|Any CPU.ActiveCfg = Debug|Any CPU
		{C63B8312-30B5-11AD-561B-42699FBD27FD}.Debug|Any CPU.Build.0 = Debug|Any CPU
		{C63B8312-30B5-11AD-561B-42699FBD27FD}.Release|Any CPU.ActiveCfg = Release|Any CPU
		{C63B8312-30B5-11AD-561B-42699FBD27FD}.Release|Any CPU.Build.0 = Release|Any CPU
	EndGlobalSection
	GlobalSection(SolutionProperties) = preSolution
		HideSolutionNode = FALSE
	EndGlobalSection
EndGlobal
